
Microsoft Visual Studio Solution File, Format Version 12.00
# Visual Studio Version 17
VisualStudioVersion = 17.5.33209.295
MinimumVisualStudioVersion = 10.0.40219.1
Project("{FAE04EC0-301F-11D3-BF4B-00C04F79EFBC}") = "FlightSystem", "FlightSystem\FlightSystem.csproj", "{5B22126A-76ED-46B5-A671-33749F3F068D}"
EndProject
Project("{FAE04EC0-301F-11D3-BF4B-00C04F79EFBC}") = "FlightSystem.Data", "FlightSystem.Data\FlightSystem.Data.csproj", "{28F6132E-0EB3-46B6-8021-FC2283811F5B}"
EndProject
Global
	GlobalSection(SolutionConfigurationPlatforms) = preSolution
		Debug|Any CPU = Debug|Any CPU
		Release|Any CPU = Release|Any CPU
	EndGlobalSection
	GlobalSection(ProjectConfigurationPlatforms) = postSolution
		{5B22126A-76ED-46B5-A671-33749F3F068D}.Debug|Any CPU.ActiveCfg = Debug|Any CPU
		{5B22126A-76ED-46B5-A671-33749F3F068D}.Debug|Any CPU.Build.0 = Debug|Any CPU
		{5B22126A-76ED-46B5-A671-33749F3F068D}.Release|Any CPU.ActiveCfg = Release|Any CPU
		{5B22126A-76ED-46B5-A671-33749F3F068D}.Release|Any CPU.Build.0 = Release|Any CPU
		{28F6132E-0EB3-46B6-8021-FC2283811F5B}.Debug|Any CPU.ActiveCfg = Debug|Any CPU
		{28F6132E-0EB3-46B6-8021-FC2283811F5B}.Debug|Any CPU.Build.0 = Debug|Any CPU
		{28F6132E-0EB3-46B6-8021-FC2283811F5B}.Release|Any CPU.ActiveCfg = Release|Any CPU
		{28F6132E-0EB3-46B6-8021-FC2283811F5B}.Release|Any CPU.Build.0 = Release|Any CPU
	EndGlobalSection
	GlobalSection(SolutionProperties) = preSolution
		HideSolutionNode = FALSE
	EndGlobalSection
	GlobalSection(ExtensibilityGlobals) = postSolution
		SolutionGuid = {9F9A8FC2-6F13-4032-A162-95A398AFD06A}
	EndGlobalSection
EndGlobal
