
Microsoft Visual Studio Solution File, Format Version 12.00
# Visual Studio Version 17
VisualStudioVersion = 17.5.33209.295
MinimumVisualStudioVersion = 10.0.40219.1
Project("{FAE04EC0-301F-11D3-BF4B-00C04F79EFBC}") = "FlightSystem.API", "FlightSystem\FlightSystem.API.csproj", "{5B22126A-76ED-46B5-A671-33749F3F068D}"
EndProject
Project("{FAE04EC0-301F-11D3-BF4B-00C04F79EFBC}") = "FlightSystem.Data", "FlightSystem.Data\FlightSystem.Data.csproj", "{28F6132E-0EB3-46B6-8021-FC2283811F5B}"
EndProject
Project("{FAE04EC0-301F-11D3-BF4B-00C04F79EFBC}") = "FlightSystem.UI", "FlightSystem.UI\FlightSystem.UI.csproj", "{B137F1A7-CA25-4E7C-8E9B-78F414F0AD18}"
EndProject
Project("{FAE04EC0-301F-11D3-BF4B-00C04F79EFBC}") = "FlightSystem.Services", "Services\FlightSystem.Services.csproj", "{EF91ECD1-EDB8-4338-87CE-3F3726D7079F}"
EndProject
Project("{FAE04EC0-301F-11D3-BF4B-00C04F79EFBC}") = "SeedAirports", "SeedAirports\SeedAirports.csproj", "{2DD67532-CECC-4039-9878-2B1A906D51C5}"
EndProject
Project("{FAE04EC0-301F-11D3-BF4B-00C04F79EFBC}") = "FlightsSystem.Services.Tests", "FlightsSystem.Services.Tests\FlightsSystem.Services.Tests.csproj", "{C702F7D5-6D83-4608-A633-7588B9E4F673}"
EndProject
Project("{FAE04EC0-301F-11D3-BF4B-00C04F79EFBC}") = "AmadeusSDK", "AmadeusSDK\AmadeusSDK.csproj", "{FD2EC514-A218-43C7-86E8-4B2E57FFBC52}"
EndProject
Project("{FAE04EC0-301F-11D3-BF4B-00C04F79EFBC}") = "AmadeusSDK.Tests", "AmadeusSDK.Tests\AmadeusSDK.Tests.csproj", "{FF2E61BC-8C39-4A77-B0E0-028E8DA281FA}"
EndProject
Global
	GlobalSection(SolutionConfigurationPlatforms) = preSolution
		Debug|Any CPU = Debug|Any CPU
		Release|Any CPU = Release|Any CPU
	EndGlobalSection
	GlobalSection(ProjectConfigurationPlatforms) = postSolution
		{5B22126A-76ED-46B5-A671-33749F3F068D}.Debug|Any CPU.ActiveCfg = Debug|Any CPU
		{5B22126A-76ED-46B5-A671-33749F3F068D}.Debug|Any CPU.Build.0 = Debug|Any CPU
		{5B22126A-76ED-46B5-A671-33749F3F068D}.Release|Any CPU.ActiveCfg = Release|Any CPU
		{5B22126A-76ED-46B5-A671-33749F3F068D}.Release|Any CPU.Build.0 = Release|Any CPU
		{28F6132E-0EB3-46B6-8021-FC2283811F5B}.Debug|Any CPU.ActiveCfg = Debug|Any CPU
		{28F6132E-0EB3-46B6-8021-FC2283811F5B}.Debug|Any CPU.Build.0 = Debug|Any CPU
		{28F6132E-0EB3-46B6-8021-FC2283811F5B}.Release|Any CPU.ActiveCfg = Release|Any CPU
		{28F6132E-0EB3-46B6-8021-FC2283811F5B}.Release|Any CPU.Build.0 = Release|Any CPU
		{B137F1A7-CA25-4E7C-8E9B-78F414F0AD18}.Debug|Any CPU.ActiveCfg = Debug|Any CPU
		{B137F1A7-CA25-4E7C-8E9B-78F414F0AD18}.Debug|Any CPU.Build.0 = Debug|Any CPU
		{B137F1A7-CA25-4E7C-8E9B-78F414F0AD18}.Release|Any CPU.ActiveCfg = Release|Any CPU
		{B137F1A7-CA25-4E7C-8E9B-78F414F0AD18}.Release|Any CPU.Build.0 = Release|Any CPU
		{EF91ECD1-EDB8-4338-87CE-3F3726D7079F}.Debug|Any CPU.ActiveCfg = Debug|Any CPU
		{EF91ECD1-EDB8-4338-87CE-3F3726D7079F}.Debug|Any CPU.Build.0 = Debug|Any CPU
		{EF91ECD1-EDB8-4338-87CE-3F3726D7079F}.Release|Any CPU.ActiveCfg = Release|Any CPU
		{EF91ECD1-EDB8-4338-87CE-3F3726D7079F}.Release|Any CPU.Build.0 = Release|Any CPU
		{2DD67532-CECC-4039-9878-2B1A906D51C5}.Debug|Any CPU.ActiveCfg = Debug|Any CPU
		{2DD67532-CECC-4039-9878-2B1A906D51C5}.Debug|Any CPU.Build.0 = Debug|Any CPU
		{2DD67532-CECC-4039-9878-2B1A906D51C5}.Release|Any CPU.ActiveCfg = Release|Any CPU
		{2DD67532-CECC-4039-9878-2B1A906D51C5}.Release|Any CPU.Build.0 = Release|Any CPU
		{C702F7D5-6D83-4608-A633-7588B9E4F673}.Debug|Any CPU.ActiveCfg = Debug|Any CPU
		{C702F7D5-6D83-4608-A633-7588B9E4F673}.Debug|Any CPU.Build.0 = Debug|Any CPU
		{C702F7D5-6D83-4608-A633-7588B9E4F673}.Release|Any CPU.ActiveCfg = Release|Any CPU
		{C702F7D5-6D83-4608-A633-7588B9E4F673}.Release|Any CPU.Build.0 = Release|Any CPU
		{FD2EC514-A218-43C7-86E8-4B2E57FFBC52}.Debug|Any CPU.ActiveCfg = Debug|Any CPU
		{FD2EC514-A218-43C7-86E8-4B2E57FFBC52}.Debug|Any CPU.Build.0 = Debug|Any CPU
		{FD2EC514-A218-43C7-86E8-4B2E57FFBC52}.Release|Any CPU.ActiveCfg = Release|Any CPU
		{FD2EC514-A218-43C7-86E8-4B2E57FFBC52}.Release|Any CPU.Build.0 = Release|Any CPU
		{FF2E61BC-8C39-4A77-B0E0-028E8DA281FA}.Debug|Any CPU.ActiveCfg = Debug|Any CPU
		{FF2E61BC-8C39-4A77-B0E0-028E8DA281FA}.Debug|Any CPU.Build.0 = Debug|Any CPU
		{FF2E61BC-8C39-4A77-B0E0-028E8DA281FA}.Release|Any CPU.ActiveCfg = Release|Any CPU
		{FF2E61BC-8C39-4A77-B0E0-028E8DA281FA}.Release|Any CPU.Build.0 = Release|Any CPU
	EndGlobalSection
	GlobalSection(SolutionProperties) = preSolution
		HideSolutionNode = FALSE
	EndGlobalSection
	GlobalSection(ExtensibilityGlobals) = postSolution
		SolutionGuid = {9F9A8FC2-6F13-4032-A162-95A398AFD06A}
	EndGlobalSection
EndGlobal
